// !$*UTF8*$!
{
	archiveVersion = 1;
	classes = {
	};
	objectVersion = 50;
	objects = {

/* Begin PBXFileReference section */
		DFE3AFBD217D215200167A93 /* hotpatch */ = {isa = PBXFileReference; lastKnownFileType = folder; path = hotpatch; sourceTree = "<group>"; };
		DFE3AFBE217D215200167A93 /* kexts */ = {isa = PBXFileReference; lastKnownFileType = folder; path = kexts; sourceTree = "<group>"; };
		DFE3AFBF217D215200167A93 /* Audio */ = {isa = PBXFileReference; lastKnownFileType = folder; path = Audio; sourceTree = "<group>"; };
		DFE3AFC0217D215200167A93 /* config.plist */ = {isa = PBXFileReference; lastKnownFileType = text.plist.xml; path = config.plist; sourceTree = "<group>"; };
		DFE3AFC1217D215200167A93 /* SSDT-X240.aml */ = {isa = PBXFileReference; lastKnownFileType = file; path = "SSDT-X240.aml"; sourceTree = "<group>"; };
/* End PBXFileReference section */

/* Begin PBXGroup section */
		DFE3AFB6217D203600167A93 = {
			isa = PBXGroup;
			children = (
				DFE3AFBF217D215200167A93 /* Audio */,
				DFE3AFC0217D215200167A93 /* config.plist */,
				DFE3AFBD217D215200167A93 /* hotpatch */,
				DFE3AFBE217D215200167A93 /* kexts */,
				DFE3AFC1217D215200167A93 /* SSDT-X240.aml */,
			);
			sourceTree = "<group>";
		};
/* End PBXGroup section */

/* Begin PBXProject section */
		DFE3AFB7217D203600167A93 /* Project object */ = {
			isa = PBXProject;
			attributes = {
				LastUpgradeCheck = 1000;
			};
			buildConfigurationList = DFE3AFBA217D203600167A93 /* Build configuration list for PBXProject "Lenovo-ThinkPad-X240" */;
			compatibilityVersion = "Xcode 9.3";
			developmentRegion = en;
			hasScannedForEncodings = 0;
			knownRegions = (
				en,
			);
			mainGroup = DFE3AFB6217D203600167A93;
			projectDirPath = "";
			projectRoot = "";
			targets = (
			);
		};
/* End PBXProject section */

/* Begin XCBuildConfiguration section */
		DFE3AFBB217D203600167A93 /* Debug */ = {
			isa = XCBuildConfiguration;
			buildSettings = {
			};
			name = Debug;
		};
		DFE3AFBC217D203600167A93 /* Release */ = {
			isa = XCBuildConfiguration;
			buildSettings = {
			};
			name = Release;
		};
/* End XCBuildConfiguration section */

/* Begin XCConfigurationList section */
		DFE3AFBA217D203600167A93 /* Build configuration list for PBXProject "Lenovo-ThinkPad-X240" */ = {
			isa = XCConfigurationList;
			buildConfigurations = (
				DFE3AFBB217D203600167A93 /* Debug */,
				DFE3AFBC217D203600167A93 /* Release */,
			);
			defaultConfigurationIsVisible = 0;
			defaultConfigurationName = Release;
		};
/* End XCConfigurationList section */
	};
	rootObject = DFE3AFB7217D203600167A93 /* Project object */;
}
